
Microsoft Visual Studio Solution File, Format Version 12.00
# Visual Studio Version 17
VisualStudioVersion = 17.1.32210.238
MinimumVisualStudioVersion = 10.0.40219.1
Project("{FAE04EC0-301F-11D3-BF4B-00C04F79EFBC}") = "Slot Machine", "Slot Machine.csproj", "{7E6F5E31-8077-48CF-A27E-76F824D6D510}"
EndProject
Global
	GlobalSection(SolutionConfigurationPlatforms) = preSolution
		Debug|Any CPU = Debug|Any CPU
		Release|Any CPU = Release|Any CPU
	EndGlobalSection
	GlobalSection(ProjectConfigurationPlatforms) = postSolution
		{7E6F5E31-8077-48CF-A27E-76F824D6D510}.Debug|Any CPU.ActiveCfg = Debug|Any CPU
		{7E6F5E31-8077-48CF-A27E-76F824D6D510}.Debug|Any CPU.Build.0 = Debug|Any CPU
		{7E6F5E31-8077-48CF-A27E-76F824D6D510}.Release|Any CPU.ActiveCfg = Release|Any CPU
		{7E6F5E31-8077-48CF-A27E-76F824D6D510}.Release|Any CPU.Build.0 = Release|Any CPU
	EndGlobalSection
	GlobalSection(SolutionProperties) = preSolution
		HideSolutionNode = FALSE
	EndGlobalSection
	GlobalSection(ExtensibilityGlobals) = postSolution
		SolutionGuid = {31522BD8-2573-46C3-9877-05F353BF6BF3}
	EndGlobalSection
EndGlobal
